
Microsoft Visual Studio Solution File, Format Version 12.00
# Visual Studio Version 17
VisualStudioVersion = 17.3.32922.545
MinimumVisualStudioVersion = 10.0.40219.1
Project("{FAE04EC0-301F-11D3-BF4B-00C04F79EFBC}") = "JobApplicationLibrary", "JobApplicationLibrary\JobApplicationLibrary.csproj", "{CB3B2C97-5C12-4D6F-84F7-0BBA89751697}"
EndProject
Project("{FAE04EC0-301F-11D3-BF4B-00C04F79EFBC}") = "JobApplicationLibraryUnitTest", "JobApplicationLibraryUnitTest\JobApplicationLibraryUnitTest.csproj", "{22F73AF0-B147-4A12-815A-B028C505FC0E}"
EndProject
Global
	GlobalSection(SolutionConfigurationPlatforms) = preSolution
		Debug|Any CPU = Debug|Any CPU
		Release|Any CPU = Release|Any CPU
	EndGlobalSection
	GlobalSection(ProjectConfigurationPlatforms) = postSolution
		{CB3B2C97-5C12-4D6F-84F7-0BBA89751697}.Debug|Any CPU.ActiveCfg = Debug|Any CPU
		{CB3B2C97-5C12-4D6F-84F7-0BBA89751697}.Debug|Any CPU.Build.0 = Debug|Any CPU
		{CB3B2C97-5C12-4D6F-84F7-0BBA89751697}.Release|Any CPU.ActiveCfg = Release|Any CPU
		{CB3B2C97-5C12-4D6F-84F7-0BBA89751697}.Release|Any CPU.Build.0 = Release|Any CPU
		{22F73AF0-B147-4A12-815A-B028C505FC0E}.Debug|Any CPU.ActiveCfg = Debug|Any CPU
		{22F73AF0-B147-4A12-815A-B028C505FC0E}.Debug|Any CPU.Build.0 = Debug|Any CPU
		{22F73AF0-B147-4A12-815A-B028C505FC0E}.Release|Any CPU.ActiveCfg = Release|Any CPU
		{22F73AF0-B147-4A12-815A-B028C505FC0E}.Release|Any CPU.Build.0 = Release|Any CPU
	EndGlobalSection
	GlobalSection(SolutionProperties) = preSolution
		HideSolutionNode = FALSE
	EndGlobalSection
	GlobalSection(ExtensibilityGlobals) = postSolution
		SolutionGuid = {CCC15EE0-2F8B-4AC9-8C74-4FBAC7B7BC18}
	EndGlobalSection
EndGlobal
